
Microsoft Visual Studio Solution File, Format Version 12.00
# Visual Studio 14
VisualStudioVersion = 14.0.25123.0
MinimumVisualStudioVersion = 10.0.40219.1
Project("{FAE04EC0-301F-11D3-BF4B-00C04F79EFBC}") = "Conarh_2016.Droid", "Conrarh_2016\Conrarh_2016.Droid\Conarh_2016.Droid.csproj", "{1A351EDC-70DF-421C-B2D1-9D553F75ADF6}"
EndProject
Project("{FAE04EC0-301F-11D3-BF4B-00C04F79EFBC}") = "Conarh_2016.iOS", "Conrarh_2016\Conrarh_2016.iOS\Conarh_2016.iOS.csproj", "{3972B9FF-4F0F-4817-843D-95094D270A2A}"
EndProject
Project("{FAE04EC0-301F-11D3-BF4B-00C04F79EFBC}") = "Conarh_2016", "Conrarh_2016\Conrarh_2016\Conarh_2016.csproj", "{546BFBEA-F895-4692-9A51-FDD762773DDB}"
EndProject
Global
	GlobalSection(SolutionConfigurationPlatforms) = preSolution
		AppStore|Any CPU = AppStore|Any CPU
		AppStore|ARM = AppStore|ARM
		AppStore|iPhone = AppStore|iPhone
		AppStore|iPhoneSimulator = AppStore|iPhoneSimulator
		AppStore|x86 = AppStore|x86
		Debug|Any CPU = Debug|Any CPU
		Debug|ARM = Debug|ARM
		Debug|iPhone = Debug|iPhone
		Debug|iPhoneSimulator = Debug|iPhoneSimulator
		Debug|x86 = Debug|x86
		iOS Build|Any CPU = iOS Build|Any CPU
		iOS Build|ARM = iOS Build|ARM
		iOS Build|iPhone = iOS Build|iPhone
		iOS Build|iPhoneSimulator = iOS Build|iPhoneSimulator
		iOS Build|x86 = iOS Build|x86
		Release|Any CPU = Release|Any CPU
		Release|ARM = Release|ARM
		Release|iPhone = Release|iPhone
		Release|iPhoneSimulator = Release|iPhoneSimulator
		Release|x86 = Release|x86
	EndGlobalSection
	GlobalSection(ProjectConfigurationPlatforms) = postSolution
		{1A351EDC-70DF-421C-B2D1-9D553F75ADF6}.AppStore|Any CPU.ActiveCfg = Release|Any CPU
		{1A351EDC-70DF-421C-B2D1-9D553F75ADF6}.AppStore|Any CPU.Build.0 = Release|Any CPU
		{1A351EDC-70DF-421C-B2D1-9D553F75ADF6}.AppStore|Any CPU.Deploy.0 = Release|Any CPU
		{1A351EDC-70DF-421C-B2D1-9D553F75ADF6}.AppStore|ARM.ActiveCfg = Release|Any CPU
		{1A351EDC-70DF-421C-B2D1-9D553F75ADF6}.AppStore|ARM.Build.0 = Release|Any CPU
		{1A351EDC-70DF-421C-B2D1-9D553F75ADF6}.AppStore|ARM.Deploy.0 = Release|Any CPU
		{1A351EDC-70DF-421C-B2D1-9D553F75ADF6}.AppStore|iPhone.ActiveCfg = Release|Any CPU
		{1A351EDC-70DF-421C-B2D1-9D553F75ADF6}.AppStore|iPhone.Build.0 = Release|Any CPU
		{1A351EDC-70DF-421C-B2D1-9D553F75ADF6}.AppStore|iPhone.Deploy.0 = Release|Any CPU
		{1A351EDC-70DF-421C-B2D1-9D553F75ADF6}.AppStore|iPhoneSimulator.ActiveCfg = Release|Any CPU
		{1A351EDC-70DF-421C-B2D1-9D553F75ADF6}.AppStore|iPhoneSimulator.Build.0 = Release|Any CPU
		{1A351EDC-70DF-421C-B2D1-9D553F75ADF6}.AppStore|iPhoneSimulator.Deploy.0 = Release|Any CPU
		{1A351EDC-70DF-421C-B2D1-9D553F75ADF6}.AppStore|x86.ActiveCfg = Release|Any CPU
		{1A351EDC-70DF-421C-B2D1-9D553F75ADF6}.AppStore|x86.Build.0 = Release|Any CPU
		{1A351EDC-70DF-421C-B2D1-9D553F75ADF6}.AppStore|x86.Deploy.0 = Release|Any CPU
		{1A351EDC-70DF-421C-B2D1-9D553F75ADF6}.Debug|Any CPU.ActiveCfg = Debug|Any CPU
		{1A351EDC-70DF-421C-B2D1-9D553F75ADF6}.Debug|Any CPU.Build.0 = Debug|Any CPU
		{1A351EDC-70DF-421C-B2D1-9D553F75ADF6}.Debug|Any CPU.Deploy.0 = Debug|Any CPU
		{1A351EDC-70DF-421C-B2D1-9D553F75ADF6}.Debug|ARM.ActiveCfg = Debug|Any CPU
		{1A351EDC-70DF-421C-B2D1-9D553F75ADF6}.Debug|ARM.Build.0 = Debug|Any CPU
		{1A351EDC-70DF-421C-B2D1-9D553F75ADF6}.Debug|ARM.Deploy.0 = Debug|Any CPU
		{1A351EDC-70DF-421C-B2D1-9D553F75ADF6}.Debug|iPhone.ActiveCfg = Debug|Any CPU
		{1A351EDC-70DF-421C-B2D1-9D553F75ADF6}.Debug|iPhone.Build.0 = Debug|Any CPU
		{1A351EDC-70DF-421C-B2D1-9D553F75ADF6}.Debug|iPhone.Deploy.0 = Debug|Any CPU
		{1A351EDC-70DF-421C-B2D1-9D553F75ADF6}.Debug|iPhoneSimulator.ActiveCfg = Debug|Any CPU
		{1A351EDC-70DF-421C-B2D1-9D553F75ADF6}.Debug|iPhoneSimulator.Build.0 = Debug|Any CPU
		{1A351EDC-70DF-421C-B2D1-9D553F75ADF6}.Debug|iPhoneSimulator.Deploy.0 = Debug|Any CPU
		{1A351EDC-70DF-421C-B2D1-9D553F75ADF6}.Debug|x86.ActiveCfg = Debug|Any CPU
		{1A351EDC-70DF-421C-B2D1-9D553F75ADF6}.Debug|x86.Build.0 = Debug|Any CPU
		{1A351EDC-70DF-421C-B2D1-9D553F75ADF6}.Debug|x86.Deploy.0 = Debug|Any CPU
		{1A351EDC-70DF-421C-B2D1-9D553F75ADF6}.iOS Build|Any CPU.ActiveCfg = iOS Build|Any CPU
		{1A351EDC-70DF-421C-B2D1-9D553F75ADF6}.iOS Build|Any CPU.Build.0 = iOS Build|Any CPU
		{1A351EDC-70DF-421C-B2D1-9D553F75ADF6}.iOS Build|Any CPU.Deploy.0 = iOS Build|Any CPU
		{1A351EDC-70DF-421C-B2D1-9D553F75ADF6}.iOS Build|ARM.ActiveCfg = iOS Build|Any CPU
		{1A351EDC-70DF-421C-B2D1-9D553F75ADF6}.iOS Build|ARM.Build.0 = iOS Build|Any CPU
		{1A351EDC-70DF-421C-B2D1-9D553F75ADF6}.iOS Build|ARM.Deploy.0 = iOS Build|Any CPU
		{1A351EDC-70DF-421C-B2D1-9D553F75ADF6}.iOS Build|iPhone.ActiveCfg = iOS Build|Any CPU
		{1A351EDC-70DF-421C-B2D1-9D553F75ADF6}.iOS Build|iPhoneSimulator.ActiveCfg = iOS Build|Any CPU
		{1A351EDC-70DF-421C-B2D1-9D553F75ADF6}.iOS Build|iPhoneSimulator.Build.0 = iOS Build|Any CPU
		{1A351EDC-70DF-421C-B2D1-9D553F75ADF6}.iOS Build|iPhoneSimulator.Deploy.0 = iOS Build|Any CPU
		{1A351EDC-70DF-421C-B2D1-9D553F75ADF6}.iOS Build|x86.ActiveCfg = iOS Build|Any CPU
		{1A351EDC-70DF-421C-B2D1-9D553F75ADF6}.iOS Build|x86.Build.0 = iOS Build|Any CPU
		{1A351EDC-70DF-421C-B2D1-9D553F75ADF6}.iOS Build|x86.Deploy.0 = iOS Build|Any CPU
		{1A351EDC-70DF-421C-B2D1-9D553F75ADF6}.Release|Any CPU.ActiveCfg = Release|Any CPU
		{1A351EDC-70DF-421C-B2D1-9D553F75ADF6}.Release|Any CPU.Build.0 = Release|Any CPU
		{1A351EDC-70DF-421C-B2D1-9D553F75ADF6}.Release|Any CPU.Deploy.0 = Release|Any CPU
		{1A351EDC-70DF-421C-B2D1-9D553F75ADF6}.Release|ARM.ActiveCfg = Release|Any CPU
		{1A351EDC-70DF-421C-B2D1-9D553F75ADF6}.Release|ARM.Build.0 = Release|Any CPU
		{1A351EDC-70DF-421C-B2D1-9D553F75ADF6}.Release|ARM.Deploy.0 = Release|Any CPU
		{1A351EDC-70DF-421C-B2D1-9D553F75ADF6}.Release|iPhone.ActiveCfg = Release|Any CPU
		{1A351EDC-70DF-421C-B2D1-9D553F75ADF6}.Release|iPhoneSimulator.ActiveCfg = Release|Any CPU
		{1A351EDC-70DF-421C-B2D1-9D553F75ADF6}.Release|iPhoneSimulator.Build.0 = Release|Any CPU
		{1A351EDC-70DF-421C-B2D1-9D553F75ADF6}.Release|iPhoneSimulator.Deploy.0 = Release|Any CPU
		{1A351EDC-70DF-421C-B2D1-9D553F75ADF6}.Release|x86.ActiveCfg = Release|Any CPU
		{1A351EDC-70DF-421C-B2D1-9D553F75ADF6}.Release|x86.Build.0 = Release|Any CPU
		{1A351EDC-70DF-421C-B2D1-9D553F75ADF6}.Release|x86.Deploy.0 = Release|Any CPU
		{3972B9FF-4F0F-4817-843D-95094D270A2A}.AppStore|Any CPU.ActiveCfg = Release|iPhoneSimulator
		{3972B9FF-4F0F-4817-843D-95094D270A2A}.AppStore|Any CPU.Build.0 = Release|iPhoneSimulator
		{3972B9FF-4F0F-4817-843D-95094D270A2A}.AppStore|ARM.ActiveCfg = Release|iPhoneSimulator
		{3972B9FF-4F0F-4817-843D-95094D270A2A}.AppStore|ARM.Build.0 = Release|iPhoneSimulator
		{3972B9FF-4F0F-4817-843D-95094D270A2A}.AppStore|iPhone.ActiveCfg = Release|iPhone
		{3972B9FF-4F0F-4817-843D-95094D270A2A}.AppStore|iPhone.Build.0 = Release|iPhone
		{3972B9FF-4F0F-4817-843D-95094D270A2A}.AppStore|iPhoneSimulator.ActiveCfg = Release|iPhoneSimulator
		{3972B9FF-4F0F-4817-843D-95094D270A2A}.AppStore|iPhoneSimulator.Build.0 = Release|iPhoneSimulator
		{3972B9FF-4F0F-4817-843D-95094D270A2A}.AppStore|x86.ActiveCfg = Release|iPhoneSimulator
		{3972B9FF-4F0F-4817-843D-95094D270A2A}.AppStore|x86.Build.0 = Release|iPhoneSimulator
		{3972B9FF-4F0F-4817-843D-95094D270A2A}.Debug|Any CPU.ActiveCfg = Debug|iPhone
		{3972B9FF-4F0F-4817-843D-95094D270A2A}.Debug|ARM.ActiveCfg = Debug|iPhone
		{3972B9FF-4F0F-4817-843D-95094D270A2A}.Debug|iPhone.ActiveCfg = Debug|iPhone
		{3972B9FF-4F0F-4817-843D-95094D270A2A}.Debug|iPhone.Build.0 = Debug|iPhone
		{3972B9FF-4F0F-4817-843D-95094D270A2A}.Debug|iPhoneSimulator.ActiveCfg = Debug|iPhoneSimulator
		{3972B9FF-4F0F-4817-843D-95094D270A2A}.Debug|iPhoneSimulator.Build.0 = Debug|iPhoneSimulator
		{3972B9FF-4F0F-4817-843D-95094D270A2A}.Debug|x86.ActiveCfg = Debug|iPhone
		{3972B9FF-4F0F-4817-843D-95094D270A2A}.iOS Build|Any CPU.ActiveCfg = iOS Build|iPhone
		{3972B9FF-4F0F-4817-843D-95094D270A2A}.iOS Build|ARM.ActiveCfg = iOS Build|iPhone
		{3972B9FF-4F0F-4817-843D-95094D270A2A}.iOS Build|iPhone.ActiveCfg = iOS Build|iPhone
		{3972B9FF-4F0F-4817-843D-95094D270A2A}.iOS Build|iPhone.Build.0 = iOS Build|iPhone
		{3972B9FF-4F0F-4817-843D-95094D270A2A}.iOS Build|iPhoneSimulator.ActiveCfg = iOS Build|iPhoneSimulator
		{3972B9FF-4F0F-4817-843D-95094D270A2A}.iOS Build|iPhoneSimulator.Build.0 = iOS Build|iPhoneSimulator
		{3972B9FF-4F0F-4817-843D-95094D270A2A}.iOS Build|x86.ActiveCfg = iOS Build|iPhone
		{3972B9FF-4F0F-4817-843D-95094D270A2A}.Release|Any CPU.ActiveCfg = Release|iPhone
		{3972B9FF-4F0F-4817-843D-95094D270A2A}.Release|ARM.ActiveCfg = Release|iPhone
		{3972B9FF-4F0F-4817-843D-95094D270A2A}.Release|iPhone.ActiveCfg = Release|iPhone
		{3972B9FF-4F0F-4817-843D-95094D270A2A}.Release|iPhone.Build.0 = Release|iPhone
		{3972B9FF-4F0F-4817-843D-95094D270A2A}.Release|iPhoneSimulator.ActiveCfg = Release|iPhoneSimulator
		{3972B9FF-4F0F-4817-843D-95094D270A2A}.Release|iPhoneSimulator.Build.0 = Release|iPhoneSimulator
		{3972B9FF-4F0F-4817-843D-95094D270A2A}.Release|x86.ActiveCfg = Release|iPhone
		{546BFBEA-F895-4692-9A51-FDD762773DDB}.AppStore|Any CPU.ActiveCfg = Release|Any CPU
		{546BFBEA-F895-4692-9A51-FDD762773DDB}.AppStore|Any CPU.Build.0 = Release|Any CPU
		{546BFBEA-F895-4692-9A51-FDD762773DDB}.AppStore|ARM.ActiveCfg = Release|Any CPU
		{546BFBEA-F895-4692-9A51-FDD762773DDB}.AppStore|ARM.Build.0 = Release|Any CPU
		{546BFBEA-F895-4692-9A51-FDD762773DDB}.AppStore|iPhone.ActiveCfg = Release|Any CPU
		{546BFBEA-F895-4692-9A51-FDD762773DDB}.AppStore|iPhone.Build.0 = Release|Any CPU
		{546BFBEA-F895-4692-9A51-FDD762773DDB}.AppStore|iPhoneSimulator.ActiveCfg = Release|Any CPU
		{546BFBEA-F895-4692-9A51-FDD762773DDB}.AppStore|iPhoneSimulator.Build.0 = Release|Any CPU
		{546BFBEA-F895-4692-9A51-FDD762773DDB}.AppStore|x86.ActiveCfg = Release|Any CPU
		{546BFBEA-F895-4692-9A51-FDD762773DDB}.AppStore|x86.Build.0 = Release|Any CPU
		{546BFBEA-F895-4692-9A51-FDD762773DDB}.Debug|Any CPU.ActiveCfg = Debug|Any CPU
		{546BFBEA-F895-4692-9A51-FDD762773DDB}.Debug|Any CPU.Build.0 = Debug|Any CPU
		{546BFBEA-F895-4692-9A51-FDD762773DDB}.Debug|ARM.ActiveCfg = Debug|Any CPU
		{546BFBEA-F895-4692-9A51-FDD762773DDB}.Debug|ARM.Build.0 = Debug|Any CPU
		{546BFBEA-F895-4692-9A51-FDD762773DDB}.Debug|iPhone.ActiveCfg = Debug|Any CPU
		{546BFBEA-F895-4692-9A51-FDD762773DDB}.Debug|iPhone.Build.0 = Debug|Any CPU
		{546BFBEA-F895-4692-9A51-FDD762773DDB}.Debug|iPhoneSimulator.ActiveCfg = Debug|Any CPU
		{546BFBEA-F895-4692-9A51-FDD762773DDB}.Debug|iPhoneSimulator.Build.0 = Debug|Any CPU
		{546BFBEA-F895-4692-9A51-FDD762773DDB}.Debug|x86.ActiveCfg = Debug|Any CPU
		{546BFBEA-F895-4692-9A51-FDD762773DDB}.Debug|x86.Build.0 = Debug|Any CPU
		{546BFBEA-F895-4692-9A51-FDD762773DDB}.iOS Build|Any CPU.ActiveCfg = iOS Build|Any CPU
		{546BFBEA-F895-4692-9A51-FDD762773DDB}.iOS Build|Any CPU.Build.0 = iOS Build|Any CPU
		{546BFBEA-F895-4692-9A51-FDD762773DDB}.iOS Build|ARM.ActiveCfg = iOS Build|Any CPU
		{546BFBEA-F895-4692-9A51-FDD762773DDB}.iOS Build|ARM.Build.0 = iOS Build|Any CPU
		{546BFBEA-F895-4692-9A51-FDD762773DDB}.iOS Build|iPhone.ActiveCfg = iOS Build|Any CPU
		{546BFBEA-F895-4692-9A51-FDD762773DDB}.iOS Build|iPhone.Build.0 = iOS Build|Any CPU
		{546BFBEA-F895-4692-9A51-FDD762773DDB}.iOS Build|iPhoneSimulator.ActiveCfg = iOS Build|Any CPU
		{546BFBEA-F895-4692-9A51-FDD762773DDB}.iOS Build|iPhoneSimulator.Build.0 = iOS Build|Any CPU
		{546BFBEA-F895-4692-9A51-FDD762773DDB}.iOS Build|x86.ActiveCfg = iOS Build|Any CPU
		{546BFBEA-F895-4692-9A51-FDD762773DDB}.iOS Build|x86.Build.0 = iOS Build|Any CPU
		{546BFBEA-F895-4692-9A51-FDD762773DDB}.Release|Any CPU.ActiveCfg = Release|Any CPU
		{546BFBEA-F895-4692-9A51-FDD762773DDB}.Release|Any CPU.Build.0 = Release|Any CPU
		{546BFBEA-F895-4692-9A51-FDD762773DDB}.Release|ARM.ActiveCfg = Release|Any CPU
		{546BFBEA-F895-4692-9A51-FDD762773DDB}.Release|ARM.Build.0 = Release|Any CPU
		{546BFBEA-F895-4692-9A51-FDD762773DDB}.Release|iPhone.ActiveCfg = Release|Any CPU
		{546BFBEA-F895-4692-9A51-FDD762773DDB}.Release|iPhone.Build.0 = Release|Any CPU
		{546BFBEA-F895-4692-9A51-FDD762773DDB}.Release|iPhoneSimulator.ActiveCfg = Release|Any CPU
		{546BFBEA-F895-4692-9A51-FDD762773DDB}.Release|iPhoneSimulator.Build.0 = Release|Any CPU
		{546BFBEA-F895-4692-9A51-FDD762773DDB}.Release|x86.ActiveCfg = Release|Any CPU
		{546BFBEA-F895-4692-9A51-FDD762773DDB}.Release|x86.Build.0 = Release|Any CPU
	EndGlobalSection
	GlobalSection(SolutionProperties) = preSolution
		HideSolutionNode = FALSE
	EndGlobalSection
EndGlobal
